// !$*UTF8*$!
{
	archiveVersion = 1;
	classes = {
	};
	objectVersion = 56;
	objects = {

/* Begin PBXBuildFile section */
		4408ECC22BF1F4EC007D21A4 /* View+AutoLayout.swift in Sources */ = {isa = PBXBuildFile; fileRef = 44C70DFD2BF1B90E004A87A2 /* View+AutoLayout.swift */; };
		4408ECC32BF1F4EF007D21A4 /* UIViewController.swift in Sources */ = {isa = PBXBuildFile; fileRef = 44C70DF92BF1B90E004A87A2 /* UIViewController.swift */; };
		4408ECC42BF1F4F1007D21A4 /* AlertController.swift in Sources */ = {isa = PBXBuildFile; fileRef = 44C70DF72BF1B90E004A87A2 /* AlertController.swift */; };
		4408ECC52BF1F4F3007D21A4 /* Application.swift in Sources */ = {isa = PBXBuildFile; fileRef = 44C70DFA2BF1B90E004A87A2 /* Application.swift */; };
		4408ECC62BF1F4F8007D21A4 /* Color.swift in Sources */ = {isa = PBXBuildFile; fileRef = 44C70DFE2BF1B90E004A87A2 /* Color.swift */; };
		4408ECC72BF1F4FA007D21A4 /* SafeArray.swift in Sources */ = {isa = PBXBuildFile; fileRef = 44C70DFB2BF1B90E004A87A2 /* SafeArray.swift */; };
		4408ECC82BF1F4FE007D21A4 /* UITableView.swift in Sources */ = {isa = PBXBuildFile; fileRef = 44C70DF82BF1B90E004A87A2 /* UITableView.swift */; };
		4408ECCA2BF20958007D21A4 /* ChartTableCell.swift in Sources */ = {isa = PBXBuildFile; fileRef = 4408ECC92BF20958007D21A4 /* ChartTableCell.swift */; };
		4408ECCC2BF20973007D21A4 /* ChartTableCell.xib in Resources */ = {isa = PBXBuildFile; fileRef = 4408ECCB2BF20973007D21A4 /* ChartTableCell.xib */; };
		4408ECD32BF32E87007D21A4 /* ChartItemCell.swift in Sources */ = {isa = PBXBuildFile; fileRef = 4408ECD22BF32E87007D21A4 /* ChartItemCell.swift */; };
		4408ECD52BF32ED5007D21A4 /* ChartItemCell.xib in Resources */ = {isa = PBXBuildFile; fileRef = 4408ECD42BF32ED5007D21A4 /* ChartItemCell.xib */; };
		4408ECD72BF33D67007D21A4 /* SectionTableCell.swift in Sources */ = {isa = PBXBuildFile; fileRef = 4408ECD62BF33D67007D21A4 /* SectionTableCell.swift */; };
		4408ECDA2BF33E8E007D21A4 /* RxGesture in Frameworks */ = {isa = PBXBuildFile; productRef = 4408ECD92BF33E8E007D21A4 /* RxGesture */; };
		4408ECDC2BF33F43007D21A4 /* SectionTableCell.xib in Resources */ = {isa = PBXBuildFile; fileRef = 4408ECDB2BF33F43007D21A4 /* SectionTableCell.xib */; };
		4430C92F2BF1A22C00DB4F04 /* AppDelegate.swift in Sources */ = {isa = PBXBuildFile; fileRef = 4430C92E2BF1A22C00DB4F04 /* AppDelegate.swift */; };
		4430C9312BF1A22C00DB4F04 /* SceneDelegate.swift in Sources */ = {isa = PBXBuildFile; fileRef = 4430C9302BF1A22C00DB4F04 /* SceneDelegate.swift */; };
		4430C9332BF1A22C00DB4F04 /* PlaylistViewController.swift in Sources */ = {isa = PBXBuildFile; fileRef = 4430C9322BF1A22C00DB4F04 /* PlaylistViewController.swift */; };
		4430C9362BF1A22C00DB4F04 /* Main.storyboard in Resources */ = {isa = PBXBuildFile; fileRef = 4430C9342BF1A22C00DB4F04 /* Main.storyboard */; };
		4430C9382BF1A22E00DB4F04 /* Assets.xcassets in Resources */ = {isa = PBXBuildFile; fileRef = 4430C9372BF1A22E00DB4F04 /* Assets.xcassets */; };
		4430C93B2BF1A22E00DB4F04 /* LaunchScreen.storyboard in Resources */ = {isa = PBXBuildFile; fileRef = 4430C9392BF1A22E00DB4F04 /* LaunchScreen.storyboard */; };
		4430C9462BF1A22E00DB4F04 /* PlaylistTests.swift in Sources */ = {isa = PBXBuildFile; fileRef = 4430C9452BF1A22E00DB4F04 /* PlaylistTests.swift */; };
		4430C9502BF1A22E00DB4F04 /* PlaylistUITests.swift in Sources */ = {isa = PBXBuildFile; fileRef = 4430C94F2BF1A22E00DB4F04 /* PlaylistUITests.swift */; };
		4430C9522BF1A22E00DB4F04 /* PlaylistUITestsLaunchTests.swift in Sources */ = {isa = PBXBuildFile; fileRef = 4430C9512BF1A22E00DB4F04 /* PlaylistUITestsLaunchTests.swift */; };
		4430C9602BF1A5BB00DB4F04 /* Alamofire in Frameworks */ = {isa = PBXBuildFile; productRef = 4430C95F2BF1A5BB00DB4F04 /* Alamofire */; };
		4430C9632BF1A66F00DB4F04 /* Kingfisher in Frameworks */ = {isa = PBXBuildFile; productRef = 4430C9622BF1A66F00DB4F04 /* Kingfisher */; };
		4430C9662BF1A74500DB4F04 /* Moya in Frameworks */ = {isa = PBXBuildFile; productRef = 4430C9652BF1A74500DB4F04 /* Moya */; };
		4430C9692BF1A93300DB4F04 /* RxCocoa in Frameworks */ = {isa = PBXBuildFile; productRef = 4430C9682BF1A93300DB4F04 /* RxCocoa */; };
		4430C96B2BF1A93300DB4F04 /* RxRelay in Frameworks */ = {isa = PBXBuildFile; productRef = 4430C96A2BF1A93300DB4F04 /* RxRelay */; };
		4430C96E2BF1A9AE00DB4F04 /* SnapKit in Frameworks */ = {isa = PBXBuildFile; productRef = 4430C96D2BF1A9AE00DB4F04 /* SnapKit */; };
		4430C9712BF1AA1600DB4F04 /* ReactorKit in Frameworks */ = {isa = PBXBuildFile; productRef = 4430C9702BF1AA1600DB4F04 /* ReactorKit */; };
		44C70DCC2BF1ACE4004A87A2 /* NetworkAPI.swift in Sources */ = {isa = PBXBuildFile; fileRef = 44C70DCB2BF1ACE4004A87A2 /* NetworkAPI.swift */; };
		44C70DCE2BF1ACEE004A87A2 /* NetworkAPIManager.swift in Sources */ = {isa = PBXBuildFile; fileRef = 44C70DCD2BF1ACEE004A87A2 /* NetworkAPIManager.swift */; };
		44C70DDF2BF1B034004A87A2 /* ListData.swift in Sources */ = {isa = PBXBuildFile; fileRef = 44C70DCF2BF1B033004A87A2 /* ListData.swift */; };
		44C70DE02BF1B034004A87A2 /* VideoPlayList.swift in Sources */ = {isa = PBXBuildFile; fileRef = 44C70DD02BF1B033004A87A2 /* VideoPlayList.swift */; };
		44C70DE12BF1B034004A87A2 /* TrackArtistList.swift in Sources */ = {isa = PBXBuildFile; fileRef = 44C70DD12BF1B033004A87A2 /* TrackArtistList.swift */; };
		44C70DE22BF1B034004A87A2 /* RepresentationArtist.swift in Sources */ = {isa = PBXBuildFile; fileRef = 44C70DD22BF1B033004A87A2 /* RepresentationArtist.swift */; };
		44C70DE32BF1B034004A87A2 /* ProgramCategoryList.swift in Sources */ = {isa = PBXBuildFile; fileRef = 44C70DD32BF1B033004A87A2 /* ProgramCategoryList.swift */; };
		44C70DE42BF1B034004A87A2 /* Album.swift in Sources */ = {isa = PBXBuildFile; fileRef = 44C70DD42BF1B033004A87A2 /* Album.swift */; };
		44C70DE52BF1B034004A87A2 /* SongData.swift in Sources */ = {isa = PBXBuildFile; fileRef = 44C70DD52BF1B033004A87A2 /* SongData.swift */; };
		44C70DE62BF1B034004A87A2 /* ShortcutList.swift in Sources */ = {isa = PBXBuildFile; fileRef = 44C70DD62BF1B033004A87A2 /* ShortcutList.swift */; };
		44C70DE72BF1B034004A87A2 /* TrackList.swift in Sources */ = {isa = PBXBuildFile; fileRef = 44C70DD72BF1B033004A87A2 /* TrackList.swift */; };
		44C70DE82BF1B034004A87A2 /* SectionList.swift in Sources */ = {isa = PBXBuildFile; fileRef = 44C70DD82BF1B033004A87A2 /* SectionList.swift */; };
		44C70DE92BF1B034004A87A2 /* ChartList.swift in Sources */ = {isa = PBXBuildFile; fileRef = 44C70DD92BF1B034004A87A2 /* ChartList.swift */; };
		44C70DEA2BF1B034004A87A2 /* ThumbnailImageList.swift in Sources */ = {isa = PBXBuildFile; fileRef = 44C70DDA2BF1B034004A87A2 /* ThumbnailImageList.swift */; };
		44C70DEB2BF1B034004A87A2 /* VideoList.swift in Sources */ = {isa = PBXBuildFile; fileRef = 44C70DDB2BF1B034004A87A2 /* VideoList.swift */; };
		44C70DEC2BF1B034004A87A2 /* List.swift in Sources */ = {isa = PBXBuildFile; fileRef = 44C70DDC2BF1B034004A87A2 /* List.swift */; };
		44C70DED2BF1B034004A87A2 /* ImgList.swift in Sources */ = {isa = PBXBuildFile; fileRef = 44C70DDD2BF1B034004A87A2 /* ImgList.swift */; };
		44C70DEE2BF1B034004A87A2 /* PlaylistData.swift in Sources */ = {isa = PBXBuildFile; fileRef = 44C70DDE2BF1B034004A87A2 /* PlaylistData.swift */; };
		44C70DF02BF1B05B004A87A2 /* NetworkAPIError.swift in Sources */ = {isa = PBXBuildFile; fileRef = 44C70DEF2BF1B05B004A87A2 /* NetworkAPIError.swift */; };
		44C70DF42BF1B6D6004A87A2 /* PlaylistReactor.swift in Sources */ = {isa = PBXBuildFile; fileRef = 44C70DF32BF1B6D6004A87A2 /* PlaylistReactor.swift */; };
		44C70E012BF1BA7D004A87A2 /* PlaylistHeaderView.swift in Sources */ = {isa = PBXBuildFile; fileRef = 44C70E002BF1BA7D004A87A2 /* PlaylistHeaderView.swift */; };
		44C70E032BF1BAA5004A87A2 /* PlaylistHeaderView.xib in Resources */ = {isa = PBXBuildFile; fileRef = 44C70E022BF1BAA5004A87A2 /* PlaylistHeaderView.xib */; };
		44C70E062BF1BB3F004A87A2 /* PlaylistHeaderCell.swift in Sources */ = {isa = PBXBuildFile; fileRef = 44C70E052BF1BB3F004A87A2 /* PlaylistHeaderCell.swift */; };
		44C70E082BF1BB47004A87A2 /* PlaylistHeaderCell.xib in Resources */ = {isa = PBXBuildFile; fileRef = 44C70E072BF1BB47004A87A2 /* PlaylistHeaderCell.xib */; };
		44C70E0A2BF1CC1E004A87A2 /* CollectionView.swift in Sources */ = {isa = PBXBuildFile; fileRef = 44C70E092BF1CC1E004A87A2 /* CollectionView.swift */; };
		44C70E0C2BF1CC71004A87A2 /* SharedFunctions.swift in Sources */ = {isa = PBXBuildFile; fileRef = 44C70E0B2BF1CC71004A87A2 /* SharedFunctions.swift */; };
		44C70E102BF1CFC7004A87A2 /* String.swift in Sources */ = {isa = PBXBuildFile; fileRef = 44C70E0F2BF1CFC7004A87A2 /* String.swift */; };
		FC7231DE2BF4877F002F84BC /* ChartFooterView.swift in Sources */ = {isa = PBXBuildFile; fileRef = FC7231DD2BF4877F002F84BC /* ChartFooterView.swift */; };
		FC7231E12BF4A0E8002F84BC /* TableSectionHeaderView.swift in Sources */ = {isa = PBXBuildFile; fileRef = FC7231E02BF4A0E8002F84BC /* TableSectionHeaderView.swift */; };
		FC7231E32BF4A11F002F84BC /* TableSectionHeaderView.xib in Resources */ = {isa = PBXBuildFile; fileRef = FC7231E22BF4A11F002F84BC /* TableSectionHeaderView.xib */; };
		FC7231E62BF4C1D3002F84BC /* CategoryTableCell.swift in Sources */ = {isa = PBXBuildFile; fileRef = FC7231E52BF4C1D3002F84BC /* CategoryTableCell.swift */; };
		FC7231E82BF4C2D7002F84BC /* CategoryTableCell.xib in Resources */ = {isa = PBXBuildFile; fileRef = FC7231E72BF4C2D7002F84BC /* CategoryTableCell.xib */; };
		FC8DF2582BF3925D00AAE388 /* SectionItemCell.swift in Sources */ = {isa = PBXBuildFile; fileRef = FC8DF2572BF3925D00AAE388 /* SectionItemCell.swift */; };
		FC8DF25A2BF3926400AAE388 /* SectionItemCell.xib in Resources */ = {isa = PBXBuildFile; fileRef = FC8DF2592BF3926400AAE388 /* SectionItemCell.xib */; };
		FC8DF25D2BF39C5A00AAE388 /* VideoTableCell.swift in Sources */ = {isa = PBXBuildFile; fileRef = FC8DF25C2BF39C5A00AAE388 /* VideoTableCell.swift */; };
		FC8DF25F2BF39C6100AAE388 /* VideoTableCell.xib in Resources */ = {isa = PBXBuildFile; fileRef = FC8DF25E2BF39C6100AAE388 /* VideoTableCell.xib */; };
		FC8DF2632BF39DA200AAE388 /* VideoItemCell.swift in Sources */ = {isa = PBXBuildFile; fileRef = FC8DF2622BF39DA200AAE388 /* VideoItemCell.swift */; };
		FC8DF2652BF39DA700AAE388 /* VideoItemCell.xib in Resources */ = {isa = PBXBuildFile; fileRef = FC8DF2642BF39DA700AAE388 /* VideoItemCell.xib */; };
		FC8DF2672BF3A24600AAE388 /* ChartReactor.swift in Sources */ = {isa = PBXBuildFile; fileRef = FC8DF2662BF3A24600AAE388 /* ChartReactor.swift */; };
		FC8DF2692BF3A2D000AAE388 /* SectionReactor.swift in Sources */ = {isa = PBXBuildFile; fileRef = FC8DF2682BF3A2D000AAE388 /* SectionReactor.swift */; };
		FC8DF26B2BF3A2F600AAE388 /* CategoryReactor.swift in Sources */ = {isa = PBXBuildFile; fileRef = FC8DF26A2BF3A2F600AAE388 /* CategoryReactor.swift */; };
		FC8DF26D2BF3A32700AAE388 /* VideoReactor.swift in Sources */ = {isa = PBXBuildFile; fileRef = FC8DF26C2BF3A32700AAE388 /* VideoReactor.swift */; };
/* End PBXBuildFile section */

/* Begin PBXContainerItemProxy section */
		4430C9422BF1A22E00DB4F04 /* PBXContainerItemProxy */ = {
			isa = PBXContainerItemProxy;
			containerPortal = 4430C9232BF1A22C00DB4F04 /* Project object */;
			proxyType = 1;
			remoteGlobalIDString = 4430C92A2BF1A22C00DB4F04;
			remoteInfo = Playlist;
		};
		4430C94C2BF1A22E00DB4F04 /* PBXContainerItemProxy */ = {
			isa = PBXContainerItemProxy;
			containerPortal = 4430C9232BF1A22C00DB4F04 /* Project object */;
			proxyType = 1;
			remoteGlobalIDString = 4430C92A2BF1A22C00DB4F04;
			remoteInfo = Playlist;
		};
/* End PBXContainerItemProxy section */

/* Begin PBXFileReference section */
		4408ECC92BF20958007D21A4 /* ChartTableCell.swift */ = {isa = PBXFileReference; lastKnownFileType = sourcecode.swift; path = ChartTableCell.swift; sourceTree = "<group>"; };
		4408ECCB2BF20973007D21A4 /* ChartTableCell.xib */ = {isa = PBXFileReference; lastKnownFileType = file.xib; path = ChartTableCell.xib; sourceTree = "<group>"; };
		4408ECD22BF32E87007D21A4 /* ChartItemCell.swift */ = {isa = PBXFileReference; lastKnownFileType = sourcecode.swift; path = ChartItemCell.swift; sourceTree = "<group>"; };
		4408ECD42BF32ED5007D21A4 /* ChartItemCell.xib */ = {isa = PBXFileReference; lastKnownFileType = file.xib; path = ChartItemCell.xib; sourceTree = "<group>"; };
		4408ECD62BF33D67007D21A4 /* SectionTableCell.swift */ = {isa = PBXFileReference; lastKnownFileType = sourcecode.swift; path = SectionTableCell.swift; sourceTree = "<group>"; };
		4408ECDB2BF33F43007D21A4 /* SectionTableCell.xib */ = {isa = PBXFileReference; lastKnownFileType = file.xib; path = SectionTableCell.xib; sourceTree = "<group>"; };
		4430C92B2BF1A22C00DB4F04 /* Playlist.app */ = {isa = PBXFileReference; explicitFileType = wrapper.application; includeInIndex = 0; path = Playlist.app; sourceTree = BUILT_PRODUCTS_DIR; };
		4430C92E2BF1A22C00DB4F04 /* AppDelegate.swift */ = {isa = PBXFileReference; lastKnownFileType = sourcecode.swift; path = AppDelegate.swift; sourceTree = "<group>"; };
		4430C9302BF1A22C00DB4F04 /* SceneDelegate.swift */ = {isa = PBXFileReference; lastKnownFileType = sourcecode.swift; path = SceneDelegate.swift; sourceTree = "<group>"; };
		4430C9322BF1A22C00DB4F04 /* PlaylistViewController.swift */ = {isa = PBXFileReference; lastKnownFileType = sourcecode.swift; path = PlaylistViewController.swift; sourceTree = "<group>"; };
		4430C9352BF1A22C00DB4F04 /* Base */ = {isa = PBXFileReference; lastKnownFileType = file.storyboard; name = Base; path = Base.lproj/Main.storyboard; sourceTree = "<group>"; };
		4430C9372BF1A22E00DB4F04 /* Assets.xcassets */ = {isa = PBXFileReference; lastKnownFileType = folder.assetcatalog; path = Assets.xcassets; sourceTree = "<group>"; };
		4430C93A2BF1A22E00DB4F04 /* Base */ = {isa = PBXFileReference; lastKnownFileType = file.storyboard; name = Base; path = Base.lproj/LaunchScreen.storyboard; sourceTree = "<group>"; };
		4430C93C2BF1A22E00DB4F04 /* Info.plist */ = {isa = PBXFileReference; lastKnownFileType = text.plist.xml; path = Info.plist; sourceTree = "<group>"; };
		4430C9412BF1A22E00DB4F04 /* PlaylistTests.xctest */ = {isa = PBXFileReference; explicitFileType = wrapper.cfbundle; includeInIndex = 0; path = PlaylistTests.xctest; sourceTree = BUILT_PRODUCTS_DIR; };
		4430C9452BF1A22E00DB4F04 /* PlaylistTests.swift */ = {isa = PBXFileReference; lastKnownFileType = sourcecode.swift; path = PlaylistTests.swift; sourceTree = "<group>"; };
		4430C94B2BF1A22E00DB4F04 /* PlaylistUITests.xctest */ = {isa = PBXFileReference; explicitFileType = wrapper.cfbundle; includeInIndex = 0; path = PlaylistUITests.xctest; sourceTree = BUILT_PRODUCTS_DIR; };
		4430C94F2BF1A22E00DB4F04 /* PlaylistUITests.swift */ = {isa = PBXFileReference; lastKnownFileType = sourcecode.swift; path = PlaylistUITests.swift; sourceTree = "<group>"; };
		4430C9512BF1A22E00DB4F04 /* PlaylistUITestsLaunchTests.swift */ = {isa = PBXFileReference; lastKnownFileType = sourcecode.swift; path = PlaylistUITestsLaunchTests.swift; sourceTree = "<group>"; };
		44C70DCB2BF1ACE4004A87A2 /* NetworkAPI.swift */ = {isa = PBXFileReference; lastKnownFileType = sourcecode.swift; path = NetworkAPI.swift; sourceTree = "<group>"; };
		44C70DCD2BF1ACEE004A87A2 /* NetworkAPIManager.swift */ = {isa = PBXFileReference; lastKnownFileType = sourcecode.swift; path = NetworkAPIManager.swift; sourceTree = "<group>"; };
		44C70DCF2BF1B033004A87A2 /* ListData.swift */ = {isa = PBXFileReference; fileEncoding = 4; lastKnownFileType = sourcecode.swift; path = ListData.swift; sourceTree = "<group>"; };
		44C70DD02BF1B033004A87A2 /* VideoPlayList.swift */ = {isa = PBXFileReference; fileEncoding = 4; lastKnownFileType = sourcecode.swift; path = VideoPlayList.swift; sourceTree = "<group>"; };
		44C70DD12BF1B033004A87A2 /* TrackArtistList.swift */ = {isa = PBXFileReference; fileEncoding = 4; lastKnownFileType = sourcecode.swift; path = TrackArtistList.swift; sourceTree = "<group>"; };
		44C70DD22BF1B033004A87A2 /* RepresentationArtist.swift */ = {isa = PBXFileReference; fileEncoding = 4; lastKnownFileType = sourcecode.swift; path = RepresentationArtist.swift; sourceTree = "<group>"; };
		44C70DD32BF1B033004A87A2 /* ProgramCategoryList.swift */ = {isa = PBXFileReference; fileEncoding = 4; lastKnownFileType = sourcecode.swift; path = ProgramCategoryList.swift; sourceTree = "<group>"; };
		44C70DD42BF1B033004A87A2 /* Album.swift */ = {isa = PBXFileReference; fileEncoding = 4; lastKnownFileType = sourcecode.swift; path = Album.swift; sourceTree = "<group>"; };
		44C70DD52BF1B033004A87A2 /* SongData.swift */ = {isa = PBXFileReference; fileEncoding = 4; lastKnownFileType = sourcecode.swift; path = SongData.swift; sourceTree = "<group>"; };
		44C70DD62BF1B033004A87A2 /* ShortcutList.swift */ = {isa = PBXFileReference; fileEncoding = 4; lastKnownFileType = sourcecode.swift; path = ShortcutList.swift; sourceTree = "<group>"; };
		44C70DD72BF1B033004A87A2 /* TrackList.swift */ = {isa = PBXFileReference; fileEncoding = 4; lastKnownFileType = sourcecode.swift; path = TrackList.swift; sourceTree = "<group>"; };
		44C70DD82BF1B033004A87A2 /* SectionList.swift */ = {isa = PBXFileReference; fileEncoding = 4; lastKnownFileType = sourcecode.swift; path = SectionList.swift; sourceTree = "<group>"; };
		44C70DD92BF1B034004A87A2 /* ChartList.swift */ = {isa = PBXFileReference; fileEncoding = 4; lastKnownFileType = sourcecode.swift; path = ChartList.swift; sourceTree = "<group>"; };
		44C70DDA2BF1B034004A87A2 /* ThumbnailImageList.swift */ = {isa = PBXFileReference; fileEncoding = 4; lastKnownFileType = sourcecode.swift; path = ThumbnailImageList.swift; sourceTree = "<group>"; };
		44C70DDB2BF1B034004A87A2 /* VideoList.swift */ = {isa = PBXFileReference; fileEncoding = 4; lastKnownFileType = sourcecode.swift; path = VideoList.swift; sourceTree = "<group>"; };
		44C70DDC2BF1B034004A87A2 /* List.swift */ = {isa = PBXFileReference; fileEncoding = 4; lastKnownFileType = sourcecode.swift; path = List.swift; sourceTree = "<group>"; };
		44C70DDD2BF1B034004A87A2 /* ImgList.swift */ = {isa = PBXFileReference; fileEncoding = 4; lastKnownFileType = sourcecode.swift; path = ImgList.swift; sourceTree = "<group>"; };
		44C70DDE2BF1B034004A87A2 /* PlaylistData.swift */ = {isa = PBXFileReference; fileEncoding = 4; lastKnownFileType = sourcecode.swift; path = PlaylistData.swift; sourceTree = "<group>"; };
		44C70DEF2BF1B05B004A87A2 /* NetworkAPIError.swift */ = {isa = PBXFileReference; lastKnownFileType = sourcecode.swift; path = NetworkAPIError.swift; sourceTree = "<group>"; };
		44C70DF32BF1B6D6004A87A2 /* PlaylistReactor.swift */ = {isa = PBXFileReference; lastKnownFileType = sourcecode.swift; path = PlaylistReactor.swift; sourceTree = "<group>"; };
		44C70DF72BF1B90E004A87A2 /* AlertController.swift */ = {isa = PBXFileReference; lastKnownFileType = sourcecode.swift; path = AlertController.swift; sourceTree = "<group>"; };
		44C70DF82BF1B90E004A87A2 /* UITableView.swift */ = {isa = PBXFileReference; lastKnownFileType = sourcecode.swift; path = UITableView.swift; sourceTree = "<group>"; };
		44C70DF92BF1B90E004A87A2 /* UIViewController.swift */ = {isa = PBXFileReference; lastKnownFileType = sourcecode.swift; path = UIViewController.swift; sourceTree = "<group>"; };
		44C70DFA2BF1B90E004A87A2 /* Application.swift */ = {isa = PBXFileReference; lastKnownFileType = sourcecode.swift; path = Application.swift; sourceTree = "<group>"; };
		44C70DFB2BF1B90E004A87A2 /* SafeArray.swift */ = {isa = PBXFileReference; lastKnownFileType = sourcecode.swift; path = SafeArray.swift; sourceTree = "<group>"; };
		44C70DFD2BF1B90E004A87A2 /* View+AutoLayout.swift */ = {isa = PBXFileReference; lastKnownFileType = sourcecode.swift; path = "View+AutoLayout.swift"; sourceTree = "<group>"; };
		44C70DFE2BF1B90E004A87A2 /* Color.swift */ = {isa = PBXFileReference; lastKnownFileType = sourcecode.swift; path = Color.swift; sourceTree = "<group>"; };
		44C70E002BF1BA7D004A87A2 /* PlaylistHeaderView.swift */ = {isa = PBXFileReference; lastKnownFileType = sourcecode.swift; path = PlaylistHeaderView.swift; sourceTree = "<group>"; };
		44C70E022BF1BAA5004A87A2 /* PlaylistHeaderView.xib */ = {isa = PBXFileReference; lastKnownFileType = file.xib; path = PlaylistHeaderView.xib; sourceTree = "<group>"; };
		44C70E052BF1BB3F004A87A2 /* PlaylistHeaderCell.swift */ = {isa = PBXFileReference; lastKnownFileType = sourcecode.swift; path = PlaylistHeaderCell.swift; sourceTree = "<group>"; };
		44C70E072BF1BB47004A87A2 /* PlaylistHeaderCell.xib */ = {isa = PBXFileReference; lastKnownFileType = file.xib; path = PlaylistHeaderCell.xib; sourceTree = "<group>"; };
		44C70E092BF1CC1E004A87A2 /* CollectionView.swift */ = {isa = PBXFileReference; fileEncoding = 4; lastKnownFileType = sourcecode.swift; path = CollectionView.swift; sourceTree = "<group>"; };
		44C70E0B2BF1CC71004A87A2 /* SharedFunctions.swift */ = {isa = PBXFileReference; fileEncoding = 4; lastKnownFileType = sourcecode.swift; path = SharedFunctions.swift; sourceTree = "<group>"; };
		44C70E0F2BF1CFC7004A87A2 /* String.swift */ = {isa = PBXFileReference; lastKnownFileType = sourcecode.swift; path = String.swift; sourceTree = "<group>"; };
		FC7231DD2BF4877F002F84BC /* ChartFooterView.swift */ = {isa = PBXFileReference; lastKnownFileType = sourcecode.swift; path = ChartFooterView.swift; sourceTree = "<group>"; };
		FC7231E02BF4A0E8002F84BC /* TableSectionHeaderView.swift */ = {isa = PBXFileReference; lastKnownFileType = sourcecode.swift; path = TableSectionHeaderView.swift; sourceTree = "<group>"; };
		FC7231E22BF4A11F002F84BC /* TableSectionHeaderView.xib */ = {isa = PBXFileReference; lastKnownFileType = file.xib; path = TableSectionHeaderView.xib; sourceTree = "<group>"; };
		FC7231E52BF4C1D3002F84BC /* CategoryTableCell.swift */ = {isa = PBXFileReference; lastKnownFileType = sourcecode.swift; path = CategoryTableCell.swift; sourceTree = "<group>"; };
		FC7231E72BF4C2D7002F84BC /* CategoryTableCell.xib */ = {isa = PBXFileReference; lastKnownFileType = file.xib; path = CategoryTableCell.xib; sourceTree = "<group>"; };
		FC8DF2572BF3925D00AAE388 /* SectionItemCell.swift */ = {isa = PBXFileReference; lastKnownFileType = sourcecode.swift; path = SectionItemCell.swift; sourceTree = "<group>"; };
		FC8DF2592BF3926400AAE388 /* SectionItemCell.xib */ = {isa = PBXFileReference; lastKnownFileType = file.xib; path = SectionItemCell.xib; sourceTree = "<group>"; };
		FC8DF25C2BF39C5A00AAE388 /* VideoTableCell.swift */ = {isa = PBXFileReference; lastKnownFileType = sourcecode.swift; path = VideoTableCell.swift; sourceTree = "<group>"; };
		FC8DF25E2BF39C6100AAE388 /* VideoTableCell.xib */ = {isa = PBXFileReference; lastKnownFileType = file.xib; path = VideoTableCell.xib; sourceTree = "<group>"; };
		FC8DF2622BF39DA200AAE388 /* VideoItemCell.swift */ = {isa = PBXFileReference; lastKnownFileType = sourcecode.swift; path = VideoItemCell.swift; sourceTree = "<group>"; };
		FC8DF2642BF39DA700AAE388 /* VideoItemCell.xib */ = {isa = PBXFileReference; lastKnownFileType = file.xib; path = VideoItemCell.xib; sourceTree = "<group>"; };
		FC8DF2662BF3A24600AAE388 /* ChartReactor.swift */ = {isa = PBXFileReference; lastKnownFileType = sourcecode.swift; path = ChartReactor.swift; sourceTree = "<group>"; };
		FC8DF2682BF3A2D000AAE388 /* SectionReactor.swift */ = {isa = PBXFileReference; lastKnownFileType = sourcecode.swift; path = SectionReactor.swift; sourceTree = "<group>"; };
		FC8DF26A2BF3A2F600AAE388 /* CategoryReactor.swift */ = {isa = PBXFileReference; lastKnownFileType = sourcecode.swift; path = CategoryReactor.swift; sourceTree = "<group>"; };
		FC8DF26C2BF3A32700AAE388 /* VideoReactor.swift */ = {isa = PBXFileReference; lastKnownFileType = sourcecode.swift; path = VideoReactor.swift; sourceTree = "<group>"; };
/* End PBXFileReference section */

/* Begin PBXFrameworksBuildPhase section */
		4430C9282BF1A22C00DB4F04 /* Frameworks */ = {
			isa = PBXFrameworksBuildPhase;
			buildActionMask = 2147483647;
			files = (
				4430C96B2BF1A93300DB4F04 /* RxRelay in Frameworks */,
				4430C9632BF1A66F00DB4F04 /* Kingfisher in Frameworks */,
				4408ECDA2BF33E8E007D21A4 /* RxGesture in Frameworks */,
				4430C9712BF1AA1600DB4F04 /* ReactorKit in Frameworks */,
				4430C9602BF1A5BB00DB4F04 /* Alamofire in Frameworks */,
				4430C96E2BF1A9AE00DB4F04 /* SnapKit in Frameworks */,
				4430C9692BF1A93300DB4F04 /* RxCocoa in Frameworks */,
				4430C9662BF1A74500DB4F04 /* Moya in Frameworks */,
			);
			runOnlyForDeploymentPostprocessing = 0;
		};
		4430C93E2BF1A22E00DB4F04 /* Frameworks */ = {
			isa = PBXFrameworksBuildPhase;
			buildActionMask = 2147483647;
			files = (
			);
			runOnlyForDeploymentPostprocessing = 0;
		};
		4430C9482BF1A22E00DB4F04 /* Frameworks */ = {
			isa = PBXFrameworksBuildPhase;
			buildActionMask = 2147483647;
			files = (
			);
			runOnlyForDeploymentPostprocessing = 0;
		};
/* End PBXFrameworksBuildPhase section */

/* Begin PBXGroup section */
		4408ECCD2BF2F48D007D21A4 /* Section */ = {
			isa = PBXGroup;
			children = (
				4408ECD62BF33D67007D21A4 /* SectionTableCell.swift */,
				4408ECDB2BF33F43007D21A4 /* SectionTableCell.xib */,
				FC8DF2572BF3925D00AAE388 /* SectionItemCell.swift */,
				FC8DF2592BF3926400AAE388 /* SectionItemCell.xib */,
			);
			path = Section;
			sourceTree = "<group>";
		};
		4430C9222BF1A22C00DB4F04 = {
			isa = PBXGroup;
			children = (
				44AF5D322BF59C2900E8F342 /* App */,
				44C70DF62BF1B90E004A87A2 /* Extensions */,
				44C70DB92BF1ACB4004A87A2 /* Network */,
				4430C92D2BF1A22C00DB4F04 /* Playlist */,
				4430C9442BF1A22E00DB4F04 /* PlaylistTests */,
				4430C94E2BF1A22E00DB4F04 /* PlaylistUITests */,
				4430C92C2BF1A22C00DB4F04 /* Products */,
			);
			sourceTree = "<group>";
		};
		4430C92C2BF1A22C00DB4F04 /* Products */ = {
			isa = PBXGroup;
			children = (
				4430C92B2BF1A22C00DB4F04 /* Playlist.app */,
				4430C9412BF1A22E00DB4F04 /* PlaylistTests.xctest */,
				4430C94B2BF1A22E00DB4F04 /* PlaylistUITests.xctest */,
			);
			name = Products;
			sourceTree = "<group>";
		};
		4430C92D2BF1A22C00DB4F04 /* Playlist */ = {
			isa = PBXGroup;
			children = (
				44C70DF52BF1B732004A87A2 /* View */,
				44C70DF22BF1B6C8004A87A2 /* ViewModel */,
			);
			path = Playlist;
			sourceTree = "<group>";
		};
		4430C9442BF1A22E00DB4F04 /* PlaylistTests */ = {
			isa = PBXGroup;
			children = (
				4430C9452BF1A22E00DB4F04 /* PlaylistTests.swift */,
			);
			path = PlaylistTests;
			sourceTree = "<group>";
		};
		4430C94E2BF1A22E00DB4F04 /* PlaylistUITests */ = {
			isa = PBXGroup;
			children = (
				4430C94F2BF1A22E00DB4F04 /* PlaylistUITests.swift */,
				4430C9512BF1A22E00DB4F04 /* PlaylistUITestsLaunchTests.swift */,
			);
			path = PlaylistUITests;
			sourceTree = "<group>";
		};
		44AF5D322BF59C2900E8F342 /* App */ = {
			isa = PBXGroup;
			children = (
				4430C92E2BF1A22C00DB4F04 /* AppDelegate.swift */,
				4430C9302BF1A22C00DB4F04 /* SceneDelegate.swift */,
				4430C9372BF1A22E00DB4F04 /* Assets.xcassets */,
				4430C9392BF1A22E00DB4F04 /* LaunchScreen.storyboard */,
				4430C93C2BF1A22E00DB4F04 /* Info.plist */,
			);
			path = App;
			sourceTree = "<group>";
		};
		44C70DB92BF1ACB4004A87A2 /* Network */ = {
			isa = PBXGroup;
			children = (
				44C70DBA2BF1ACB4004A87A2 /* APIs */,
				44C70DC02BF1ACB4004A87A2 /* Model */,
			);
			path = Network;
			sourceTree = "<group>";
		};
		44C70DBA2BF1ACB4004A87A2 /* APIs */ = {
			isa = PBXGroup;
			children = (
				44C70DCB2BF1ACE4004A87A2 /* NetworkAPI.swift */,
				44C70DCD2BF1ACEE004A87A2 /* NetworkAPIManager.swift */,
				44C70DEF2BF1B05B004A87A2 /* NetworkAPIError.swift */,
			);
			path = APIs;
			sourceTree = "<group>";
		};
		44C70DC02BF1ACB4004A87A2 /* Model */ = {
			isa = PBXGroup;
			children = (
				44C70DD42BF1B033004A87A2 /* Album.swift */,
				44C70DD92BF1B034004A87A2 /* ChartList.swift */,
				44C70DCF2BF1B033004A87A2 /* ListData.swift */,
				44C70DDD2BF1B034004A87A2 /* ImgList.swift */,
				44C70DDC2BF1B034004A87A2 /* List.swift */,
				44C70DDE2BF1B034004A87A2 /* PlaylistData.swift */,
				44C70DD32BF1B033004A87A2 /* ProgramCategoryList.swift */,
				44C70DD22BF1B033004A87A2 /* RepresentationArtist.swift */,
				44C70DD82BF1B033004A87A2 /* SectionList.swift */,
				44C70DD62BF1B033004A87A2 /* ShortcutList.swift */,
				44C70DD52BF1B033004A87A2 /* SongData.swift */,
				44C70DDA2BF1B034004A87A2 /* ThumbnailImageList.swift */,
				44C70DD12BF1B033004A87A2 /* TrackArtistList.swift */,
				44C70DD72BF1B033004A87A2 /* TrackList.swift */,
				44C70DDB2BF1B034004A87A2 /* VideoList.swift */,
				44C70DD02BF1B033004A87A2 /* VideoPlayList.swift */,
			);
			path = Model;
			sourceTree = "<group>";
		};
		44C70DF22BF1B6C8004A87A2 /* ViewModel */ = {
			isa = PBXGroup;
			children = (
				44C70DF32BF1B6D6004A87A2 /* PlaylistReactor.swift */,
				FC8DF2662BF3A24600AAE388 /* ChartReactor.swift */,
				FC8DF2682BF3A2D000AAE388 /* SectionReactor.swift */,
				FC8DF26A2BF3A2F600AAE388 /* CategoryReactor.swift */,
				FC8DF26C2BF3A32700AAE388 /* VideoReactor.swift */,
			);
			path = ViewModel;
			sourceTree = "<group>";
		};
		44C70DF52BF1B732004A87A2 /* View */ = {
			isa = PBXGroup;
			children = (
				44C70DFF2BF1BA68004A87A2 /* Header */,
				44C70E112BF1D2AA004A87A2 /* Chart */,
				4408ECCD2BF2F48D007D21A4 /* Section */,
				FC7231E42BF4C1BA002F84BC /* Category */,
				FC8DF25B2BF39C0C00AAE388 /* Video */,
				4430C9322BF1A22C00DB4F04 /* PlaylistViewController.swift */,
				4430C9342BF1A22C00DB4F04 /* Main.storyboard */,
			);
			path = View;
			sourceTree = "<group>";
		};
		44C70DF62BF1B90E004A87A2 /* Extensions */ = {
			isa = PBXGroup;
			children = (
				44C70DF72BF1B90E004A87A2 /* AlertController.swift */,
				44C70DFA2BF1B90E004A87A2 /* Application.swift */,
				44C70E092BF1CC1E004A87A2 /* CollectionView.swift */,
				44C70DFE2BF1B90E004A87A2 /* Color.swift */,
				44C70DFB2BF1B90E004A87A2 /* SafeArray.swift */,
				44C70E0B2BF1CC71004A87A2 /* SharedFunctions.swift */,
				44C70DF82BF1B90E004A87A2 /* UITableView.swift */,
				44C70DF92BF1B90E004A87A2 /* UIViewController.swift */,
				44C70DFD2BF1B90E004A87A2 /* View+AutoLayout.swift */,
				44C70E0F2BF1CFC7004A87A2 /* String.swift */,
			);
			path = Extensions;
			sourceTree = "<group>";
		};
		44C70DFF2BF1BA68004A87A2 /* Header */ = {
			isa = PBXGroup;
			children = (
				44C70E122BF1D4A9004A87A2 /* View */,
				44C70E042BF1BB2B004A87A2 /* Cell */,
			);
			path = Header;
			sourceTree = "<group>";
		};
		44C70E042BF1BB2B004A87A2 /* Cell */ = {
			isa = PBXGroup;
			children = (
				44C70E052BF1BB3F004A87A2 /* PlaylistHeaderCell.swift */,
				44C70E072BF1BB47004A87A2 /* PlaylistHeaderCell.xib */,
			);
			path = Cell;
			sourceTree = "<group>";
		};
		44C70E112BF1D2AA004A87A2 /* Chart */ = {
			isa = PBXGroup;
			children = (
				4408ECC92BF20958007D21A4 /* ChartTableCell.swift */,
				4408ECCB2BF20973007D21A4 /* ChartTableCell.xib */,
				4408ECD22BF32E87007D21A4 /* ChartItemCell.swift */,
				4408ECD42BF32ED5007D21A4 /* ChartItemCell.xib */,
				FC7231DD2BF4877F002F84BC /* ChartFooterView.swift */,
			);
			path = Chart;
			sourceTree = "<group>";
		};
		44C70E122BF1D4A9004A87A2 /* View */ = {
			isa = PBXGroup;
			children = (
				FC7231DF2BF4A0D4002F84BC /* SectionHeader */,
				44C70E002BF1BA7D004A87A2 /* PlaylistHeaderView.swift */,
				44C70E022BF1BAA5004A87A2 /* PlaylistHeaderView.xib */,
			);
			path = View;
			sourceTree = "<group>";
		};
		FC7231DF2BF4A0D4002F84BC /* SectionHeader */ = {
			isa = PBXGroup;
			children = (
				FC7231E02BF4A0E8002F84BC /* TableSectionHeaderView.swift */,
				FC7231E22BF4A11F002F84BC /* TableSectionHeaderView.xib */,
			);
			path = SectionHeader;
			sourceTree = "<group>";
		};
		FC7231E42BF4C1BA002F84BC /* Category */ = {
			isa = PBXGroup;
			children = (
				FC7231E52BF4C1D3002F84BC /* CategoryTableCell.swift */,
				FC7231E72BF4C2D7002F84BC /* CategoryTableCell.xib */,
			);
			path = Category;
			sourceTree = "<group>";
		};
		FC8DF25B2BF39C0C00AAE388 /* Video */ = {
			isa = PBXGroup;
			children = (
				FC8DF25C2BF39C5A00AAE388 /* VideoTableCell.swift */,
				FC8DF25E2BF39C6100AAE388 /* VideoTableCell.xib */,
				FC8DF2622BF39DA200AAE388 /* VideoItemCell.swift */,
				FC8DF2642BF39DA700AAE388 /* VideoItemCell.xib */,
			);
			path = Video;
			sourceTree = "<group>";
		};
/* End PBXGroup section */

/* Begin PBXNativeTarget section */
		4430C92A2BF1A22C00DB4F04 /* Playlist */ = {
			isa = PBXNativeTarget;
			buildConfigurationList = 4430C9552BF1A22E00DB4F04 /* Build configuration list for PBXNativeTarget "Playlist" */;
			buildPhases = (
				4430C9272BF1A22C00DB4F04 /* Sources */,
				4430C9282BF1A22C00DB4F04 /* Frameworks */,
				4430C9292BF1A22C00DB4F04 /* Resources */,
			);
			buildRules = (
			);
			dependencies = (
			);
			name = Playlist;
			packageProductDependencies = (
				4430C95F2BF1A5BB00DB4F04 /* Alamofire */,
				4430C9622BF1A66F00DB4F04 /* Kingfisher */,
				4430C9652BF1A74500DB4F04 /* Moya */,
				4430C9682BF1A93300DB4F04 /* RxCocoa */,
				4430C96A2BF1A93300DB4F04 /* RxRelay */,
				4430C96D2BF1A9AE00DB4F04 /* SnapKit */,
				4430C9702BF1AA1600DB4F04 /* ReactorKit */,
				4408ECD92BF33E8E007D21A4 /* RxGesture */,
			);
			productName = Playlist;
			productReference = 4430C92B2BF1A22C00DB4F04 /* Playlist.app */;
			productType = "com.apple.product-type.application";
		};
		4430C9402BF1A22E00DB4F04 /* PlaylistTests */ = {
			isa = PBXNativeTarget;
			buildConfigurationList = 4430C9582BF1A22E00DB4F04 /* Build configuration list for PBXNativeTarget "PlaylistTests" */;
			buildPhases = (
				4430C93D2BF1A22E00DB4F04 /* Sources */,
				4430C93E2BF1A22E00DB4F04 /* Frameworks */,
				4430C93F2BF1A22E00DB4F04 /* Resources */,
			);
			buildRules = (
			);
			dependencies = (
				4430C9432BF1A22E00DB4F04 /* PBXTargetDependency */,
			);
			name = PlaylistTests;
			productName = PlaylistTests;
			productReference = 4430C9412BF1A22E00DB4F04 /* PlaylistTests.xctest */;
			productType = "com.apple.product-type.bundle.unit-test";
		};
		4430C94A2BF1A22E00DB4F04 /* PlaylistUITests */ = {
			isa = PBXNativeTarget;
			buildConfigurationList = 4430C95B2BF1A22E00DB4F04 /* Build configuration list for PBXNativeTarget "PlaylistUITests" */;
			buildPhases = (
				4430C9472BF1A22E00DB4F04 /* Sources */,
				4430C9482BF1A22E00DB4F04 /* Frameworks */,
				4430C9492BF1A22E00DB4F04 /* Resources */,
			);
			buildRules = (
			);
			dependencies = (
				4430C94D2BF1A22E00DB4F04 /* PBXTargetDependency */,
			);
			name = PlaylistUITests;
			productName = PlaylistUITests;
			productReference = 4430C94B2BF1A22E00DB4F04 /* PlaylistUITests.xctest */;
			productType = "com.apple.product-type.bundle.ui-testing";
		};
/* End PBXNativeTarget section */

/* Begin PBXProject section */
		4430C9232BF1A22C00DB4F04 /* Project object */ = {
			isa = PBXProject;
			attributes = {
				BuildIndependentTargetsInParallel = 1;
				LastSwiftUpdateCheck = 1520;
				LastUpgradeCheck = 1520;
				TargetAttributes = {
					4430C92A2BF1A22C00DB4F04 = {
						CreatedOnToolsVersion = 15.2;
					};
					4430C9402BF1A22E00DB4F04 = {
						CreatedOnToolsVersion = 15.2;
						TestTargetID = 4430C92A2BF1A22C00DB4F04;
					};
					4430C94A2BF1A22E00DB4F04 = {
						CreatedOnToolsVersion = 15.2;
						TestTargetID = 4430C92A2BF1A22C00DB4F04;
					};
				};
			};
			buildConfigurationList = 4430C9262BF1A22C00DB4F04 /* Build configuration list for PBXProject "Playlist" */;
			compatibilityVersion = "Xcode 14.0";
			developmentRegion = en;
			hasScannedForEncodings = 0;
			knownRegions = (
				en,
				Base,
			);
			mainGroup = 4430C9222BF1A22C00DB4F04;
			packageReferences = (
				4430C95E2BF1A5BB00DB4F04 /* XCRemoteSwiftPackageReference "Alamofire" */,
				4430C9612BF1A66F00DB4F04 /* XCRemoteSwiftPackageReference "Kingfisher" */,
				4430C9642BF1A74400DB4F04 /* XCRemoteSwiftPackageReference "Moya" */,
				4430C9672BF1A93300DB4F04 /* XCRemoteSwiftPackageReference "RxSwift" */,
				4430C96C2BF1A9AE00DB4F04 /* XCRemoteSwiftPackageReference "SnapKit" */,
				4430C96F2BF1AA1600DB4F04 /* XCRemoteSwiftPackageReference "ReactorKit" */,
				4408ECD82BF33E8E007D21A4 /* XCRemoteSwiftPackageReference "RxGesture" */,
			);
			productRefGroup = 4430C92C2BF1A22C00DB4F04 /* Products */;
			projectDirPath = "";
			projectRoot = "";
			targets = (
				4430C92A2BF1A22C00DB4F04 /* Playlist */,
				4430C9402BF1A22E00DB4F04 /* PlaylistTests */,
				4430C94A2BF1A22E00DB4F04 /* PlaylistUITests */,
			);
		};
/* End PBXProject section */

/* Begin PBXResourcesBuildPhase section */
		4430C9292BF1A22C00DB4F04 /* Resources */ = {
			isa = PBXResourcesBuildPhase;
			buildActionMask = 2147483647;
			files = (
				4430C93B2BF1A22E00DB4F04 /* LaunchScreen.storyboard in Resources */,
				44C70E032BF1BAA5004A87A2 /* PlaylistHeaderView.xib in Resources */,
				4408ECD52BF32ED5007D21A4 /* ChartItemCell.xib in Resources */,
				FC8DF2652BF39DA700AAE388 /* VideoItemCell.xib in Resources */,
				FC7231E32BF4A11F002F84BC /* TableSectionHeaderView.xib in Resources */,
				FC7231E82BF4C2D7002F84BC /* CategoryTableCell.xib in Resources */,
				FC8DF25F2BF39C6100AAE388 /* VideoTableCell.xib in Resources */,
				FC8DF25A2BF3926400AAE388 /* SectionItemCell.xib in Resources */,
				44C70E082BF1BB47004A87A2 /* PlaylistHeaderCell.xib in Resources */,
				4430C9382BF1A22E00DB4F04 /* Assets.xcassets in Resources */,
				4408ECDC2BF33F43007D21A4 /* SectionTableCell.xib in Resources */,
				4430C9362BF1A22C00DB4F04 /* Main.storyboard in Resources */,
				4408ECCC2BF20973007D21A4 /* ChartTableCell.xib in Resources */,
			);
			runOnlyForDeploymentPostprocessing = 0;
		};
		4430C93F2BF1A22E00DB4F04 /* Resources */ = {
			isa = PBXResourcesBuildPhase;
			buildActionMask = 2147483647;
			files = (
			);
			runOnlyForDeploymentPostprocessing = 0;
		};
		4430C9492BF1A22E00DB4F04 /* Resources */ = {
			isa = PBXResourcesBuildPhase;
			buildActionMask = 2147483647;
			files = (
			);
			runOnlyForDeploymentPostprocessing = 0;
		};
/* End PBXResourcesBuildPhase section */

/* Begin PBXSourcesBuildPhase section */
		4430C9272BF1A22C00DB4F04 /* Sources */ = {
			isa = PBXSourcesBuildPhase;
			buildActionMask = 2147483647;
			files = (
				44C70E102BF1CFC7004A87A2 /* String.swift in Sources */,
				44C70DE72BF1B034004A87A2 /* TrackList.swift in Sources */,
				44C70DE52BF1B034004A87A2 /* SongData.swift in Sources */,
				44C70DDF2BF1B034004A87A2 /* ListData.swift in Sources */,
				FC8DF26D2BF3A32700AAE388 /* VideoReactor.swift in Sources */,
				FC8DF26B2BF3A2F600AAE388 /* CategoryReactor.swift in Sources */,
				44C70DEE2BF1B034004A87A2 /* PlaylistData.swift in Sources */,
				4408ECC82BF1F4FE007D21A4 /* UITableView.swift in Sources */,
				FC7231E62BF4C1D3002F84BC /* CategoryTableCell.swift in Sources */,
				FC8DF2632BF39DA200AAE388 /* VideoItemCell.swift in Sources */,
				44C70DE22BF1B034004A87A2 /* RepresentationArtist.swift in Sources */,
				44C70DE62BF1B034004A87A2 /* ShortcutList.swift in Sources */,
				44C70DCC2BF1ACE4004A87A2 /* NetworkAPI.swift in Sources */,
				44C70DEA2BF1B034004A87A2 /* ThumbnailImageList.swift in Sources */,
				4430C9332BF1A22C00DB4F04 /* PlaylistViewController.swift in Sources */,
				FC7231E12BF4A0E8002F84BC /* TableSectionHeaderView.swift in Sources */,
				44C70DE32BF1B034004A87A2 /* ProgramCategoryList.swift in Sources */,
				4408ECC42BF1F4F1007D21A4 /* AlertController.swift in Sources */,
				4430C92F2BF1A22C00DB4F04 /* AppDelegate.swift in Sources */,
				44C70DE12BF1B034004A87A2 /* TrackArtistList.swift in Sources */,
				44C70DED2BF1B034004A87A2 /* ImgList.swift in Sources */,
				44C70DEB2BF1B034004A87A2 /* VideoList.swift in Sources */,
				FC7231DE2BF4877F002F84BC /* ChartFooterView.swift in Sources */,
				44C70DEC2BF1B034004A87A2 /* List.swift in Sources */,
				FC8DF2672BF3A24600AAE388 /* ChartReactor.swift in Sources */,
				FC8DF2692BF3A2D000AAE388 /* SectionReactor.swift in Sources */,
				4430C9312BF1A22C00DB4F04 /* SceneDelegate.swift in Sources */,
				44C70DCE2BF1ACEE004A87A2 /* NetworkAPIManager.swift in Sources */,
				4408ECC22BF1F4EC007D21A4 /* View+AutoLayout.swift in Sources */,
				4408ECC62BF1F4F8007D21A4 /* Color.swift in Sources */,
				FC8DF2582BF3925D00AAE388 /* SectionItemCell.swift in Sources */,
				4408ECD72BF33D67007D21A4 /* SectionTableCell.swift in Sources */,
				44C70E0C2BF1CC71004A87A2 /* SharedFunctions.swift in Sources */,
				44C70E012BF1BA7D004A87A2 /* PlaylistHeaderView.swift in Sources */,
				44C70E0A2BF1CC1E004A87A2 /* CollectionView.swift in Sources */,
				4408ECC72BF1F4FA007D21A4 /* SafeArray.swift in Sources */,
				4408ECC52BF1F4F3007D21A4 /* Application.swift in Sources */,
				FC8DF25D2BF39C5A00AAE388 /* VideoTableCell.swift in Sources */,
				44C70DE82BF1B034004A87A2 /* SectionList.swift in Sources */,
				44C70E062BF1BB3F004A87A2 /* PlaylistHeaderCell.swift in Sources */,
				44C70DE02BF1B034004A87A2 /* VideoPlayList.swift in Sources */,
				44C70DE92BF1B034004A87A2 /* ChartList.swift in Sources */,
				4408ECC32BF1F4EF007D21A4 /* UIViewController.swift in Sources */,
				4408ECD32BF32E87007D21A4 /* ChartItemCell.swift in Sources */,
				44C70DF42BF1B6D6004A87A2 /* PlaylistReactor.swift in Sources */,
				4408ECCA2BF20958007D21A4 /* ChartTableCell.swift in Sources */,
				44C70DE42BF1B034004A87A2 /* Album.swift in Sources */,
				44C70DF02BF1B05B004A87A2 /* NetworkAPIError.swift in Sources */,
			);
			runOnlyForDeploymentPostprocessing = 0;
		};
		4430C93D2BF1A22E00DB4F04 /* Sources */ = {
			isa = PBXSourcesBuildPhase;
			buildActionMask = 2147483647;
			files = (
				4430C9462BF1A22E00DB4F04 /* PlaylistTests.swift in Sources */,
			);
			runOnlyForDeploymentPostprocessing = 0;
		};
		4430C9472BF1A22E00DB4F04 /* Sources */ = {
			isa = PBXSourcesBuildPhase;
			buildActionMask = 2147483647;
			files = (
				4430C9522BF1A22E00DB4F04 /* PlaylistUITestsLaunchTests.swift in Sources */,
				4430C9502BF1A22E00DB4F04 /* PlaylistUITests.swift in Sources */,
			);
			runOnlyForDeploymentPostprocessing = 0;
		};
/* End PBXSourcesBuildPhase section */

/* Begin PBXTargetDependency section */
		4430C9432BF1A22E00DB4F04 /* PBXTargetDependency */ = {
			isa = PBXTargetDependency;
			target = 4430C92A2BF1A22C00DB4F04 /* Playlist */;
			targetProxy = 4430C9422BF1A22E00DB4F04 /* PBXContainerItemProxy */;
		};
		4430C94D2BF1A22E00DB4F04 /* PBXTargetDependency */ = {
			isa = PBXTargetDependency;
			target = 4430C92A2BF1A22C00DB4F04 /* Playlist */;
			targetProxy = 4430C94C2BF1A22E00DB4F04 /* PBXContainerItemProxy */;
		};
/* End PBXTargetDependency section */

/* Begin PBXVariantGroup section */
		4430C9342BF1A22C00DB4F04 /* Main.storyboard */ = {
			isa = PBXVariantGroup;
			children = (
				4430C9352BF1A22C00DB4F04 /* Base */,
			);
			name = Main.storyboard;
			sourceTree = "<group>";
		};
		4430C9392BF1A22E00DB4F04 /* LaunchScreen.storyboard */ = {
			isa = PBXVariantGroup;
			children = (
				4430C93A2BF1A22E00DB4F04 /* Base */,
			);
			name = LaunchScreen.storyboard;
			sourceTree = "<group>";
		};
/* End PBXVariantGroup section */

/* Begin XCBuildConfiguration section */
		4430C9532BF1A22E00DB4F04 /* Debug */ = {
			isa = XCBuildConfiguration;
			buildSettings = {
				ALWAYS_SEARCH_USER_PATHS = NO;
				ASSETCATALOG_COMPILER_GENERATE_SWIFT_ASSET_SYMBOL_EXTENSIONS = YES;
				CLANG_ANALYZER_NONNULL = YES;
				CLANG_ANALYZER_NUMBER_OBJECT_CONVERSION = YES_AGGRESSIVE;
				CLANG_CXX_LANGUAGE_STANDARD = "gnu++20";
				CLANG_ENABLE_MODULES = YES;
				CLANG_ENABLE_OBJC_ARC = YES;
				CLANG_ENABLE_OBJC_WEAK = YES;
				CLANG_WARN_BLOCK_CAPTURE_AUTORELEASING = YES;
				CLANG_WARN_BOOL_CONVERSION = YES;
				CLANG_WARN_COMMA = YES;
				CLANG_WARN_CONSTANT_CONVERSION = YES;
				CLANG_WARN_DEPRECATED_OBJC_IMPLEMENTATIONS = YES;
				CLANG_WARN_DIRECT_OBJC_ISA_USAGE = YES_ERROR;
				CLANG_WARN_DOCUMENTATION_COMMENTS = YES;
				CLANG_WARN_EMPTY_BODY = YES;
				CLANG_WARN_ENUM_CONVERSION = YES;
				CLANG_WARN_INFINITE_RECURSION = YES;
				CLANG_WARN_INT_CONVERSION = YES;
				CLANG_WARN_NON_LITERAL_NULL_CONVERSION = YES;
				CLANG_WARN_OBJC_IMPLICIT_RETAIN_SELF = YES;
				CLANG_WARN_OBJC_LITERAL_CONVERSION = YES;
				CLANG_WARN_OBJC_ROOT_CLASS = YES_ERROR;
				CLANG_WARN_QUOTED_INCLUDE_IN_FRAMEWORK_HEADER = YES;
				CLANG_WARN_RANGE_LOOP_ANALYSIS = YES;
				CLANG_WARN_STRICT_PROTOTYPES = YES;
				CLANG_WARN_SUSPICIOUS_MOVE = YES;
				CLANG_WARN_UNGUARDED_AVAILABILITY = YES_AGGRESSIVE;
				CLANG_WARN_UNREACHABLE_CODE = YES;
				CLANG_WARN__DUPLICATE_METHOD_MATCH = YES;
				COPY_PHASE_STRIP = NO;
				DEBUG_INFORMATION_FORMAT = dwarf;
				ENABLE_STRICT_OBJC_MSGSEND = YES;
				ENABLE_TESTABILITY = YES;
				ENABLE_USER_SCRIPT_SANDBOXING = YES;
				GCC_C_LANGUAGE_STANDARD = gnu17;
				GCC_DYNAMIC_NO_PIC = NO;
				GCC_NO_COMMON_BLOCKS = YES;
				GCC_OPTIMIZATION_LEVEL = 0;
				GCC_PREPROCESSOR_DEFINITIONS = (
					"DEBUG=1",
					"$(inherited)",
				);
				GCC_WARN_64_TO_32_BIT_CONVERSION = YES;
				GCC_WARN_ABOUT_RETURN_TYPE = YES_ERROR;
				GCC_WARN_UNDECLARED_SELECTOR = YES;
				GCC_WARN_UNINITIALIZED_AUTOS = YES_AGGRESSIVE;
				GCC_WARN_UNUSED_FUNCTION = YES;
				GCC_WARN_UNUSED_VARIABLE = YES;
				IPHONEOS_DEPLOYMENT_TARGET = 17.2;
				LOCALIZATION_PREFERS_STRING_CATALOGS = YES;
				MTL_ENABLE_DEBUG_INFO = INCLUDE_SOURCE;
				MTL_FAST_MATH = YES;
				ONLY_ACTIVE_ARCH = YES;
				SDKROOT = iphoneos;
				SWIFT_ACTIVE_COMPILATION_CONDITIONS = "DEBUG $(inherited)";
				SWIFT_OPTIMIZATION_LEVEL = "-Onone";
			};
			name = Debug;
		};
		4430C9542BF1A22E00DB4F04 /* Release */ = {
			isa = XCBuildConfiguration;
			buildSettings = {
				ALWAYS_SEARCH_USER_PATHS = NO;
				ASSETCATALOG_COMPILER_GENERATE_SWIFT_ASSET_SYMBOL_EXTENSIONS = YES;
				CLANG_ANALYZER_NONNULL = YES;
				CLANG_ANALYZER_NUMBER_OBJECT_CONVERSION = YES_AGGRESSIVE;
				CLANG_CXX_LANGUAGE_STANDARD = "gnu++20";
				CLANG_ENABLE_MODULES = YES;
				CLANG_ENABLE_OBJC_ARC = YES;
				CLANG_ENABLE_OBJC_WEAK = YES;
				CLANG_WARN_BLOCK_CAPTURE_AUTORELEASING = YES;
				CLANG_WARN_BOOL_CONVERSION = YES;
				CLANG_WARN_COMMA = YES;
				CLANG_WARN_CONSTANT_CONVERSION = YES;
				CLANG_WARN_DEPRECATED_OBJC_IMPLEMENTATIONS = YES;
				CLANG_WARN_DIRECT_OBJC_ISA_USAGE = YES_ERROR;
				CLANG_WARN_DOCUMENTATION_COMMENTS = YES;
				CLANG_WARN_EMPTY_BODY = YES;
				CLANG_WARN_ENUM_CONVERSION = YES;
				CLANG_WARN_INFINITE_RECURSION = YES;
				CLANG_WARN_INT_CONVERSION = YES;
				CLANG_WARN_NON_LITERAL_NULL_CONVERSION = YES;
				CLANG_WARN_OBJC_IMPLICIT_RETAIN_SELF = YES;
				CLANG_WARN_OBJC_LITERAL_CONVERSION = YES;
				CLANG_WARN_OBJC_ROOT_CLASS = YES_ERROR;
				CLANG_WARN_QUOTED_INCLUDE_IN_FRAMEWORK_HEADER = YES;
				CLANG_WARN_RANGE_LOOP_ANALYSIS = YES;
				CLANG_WARN_STRICT_PROTOTYPES = YES;
				CLANG_WARN_SUSPICIOUS_MOVE = YES;
				CLANG_WARN_UNGUARDED_AVAILABILITY = YES_AGGRESSIVE;
				CLANG_WARN_UNREACHABLE_CODE = YES;
				CLANG_WARN__DUPLICATE_METHOD_MATCH = YES;
				COPY_PHASE_STRIP = NO;
				DEBUG_INFORMATION_FORMAT = "dwarf-with-dsym";
				ENABLE_NS_ASSERTIONS = NO;
				ENABLE_STRICT_OBJC_MSGSEND = YES;
				ENABLE_USER_SCRIPT_SANDBOXING = YES;
				GCC_C_LANGUAGE_STANDARD = gnu17;
				GCC_NO_COMMON_BLOCKS = YES;
				GCC_WARN_64_TO_32_BIT_CONVERSION = YES;
				GCC_WARN_ABOUT_RETURN_TYPE = YES_ERROR;
				GCC_WARN_UNDECLARED_SELECTOR = YES;
				GCC_WARN_UNINITIALIZED_AUTOS = YES_AGGRESSIVE;
				GCC_WARN_UNUSED_FUNCTION = YES;
				GCC_WARN_UNUSED_VARIABLE = YES;
				IPHONEOS_DEPLOYMENT_TARGET = 17.2;
				LOCALIZATION_PREFERS_STRING_CATALOGS = YES;
				MTL_ENABLE_DEBUG_INFO = NO;
				MTL_FAST_MATH = YES;
				SDKROOT = iphoneos;
				SWIFT_COMPILATION_MODE = wholemodule;
				VALIDATE_PRODUCT = YES;
			};
			name = Release;
		};
		4430C9562BF1A22E00DB4F04 /* Debug */ = {
			isa = XCBuildConfiguration;
			buildSettings = {
				ASSETCATALOG_COMPILER_APPICON_NAME = AppIcon;
				ASSETCATALOG_COMPILER_GLOBAL_ACCENT_COLOR_NAME = AccentColor;
				CODE_SIGN_STYLE = Automatic;
				CURRENT_PROJECT_VERSION = 1;
				DEVELOPMENT_TEAM = LH2D7MUGD3;
				GENERATE_INFOPLIST_FILE = YES;
				INFOPLIST_FILE = Playlist/Info.plist;
				INFOPLIST_KEY_UIApplicationSupportsIndirectInputEvents = YES;
				INFOPLIST_KEY_UILaunchStoryboardName = LaunchScreen;
				INFOPLIST_KEY_UIMainStoryboardFile = Main;
				INFOPLIST_KEY_UISupportedInterfaceOrientations_iPad = "UIInterfaceOrientationPortrait UIInterfaceOrientationPortraitUpsideDown UIInterfaceOrientationLandscapeLeft UIInterfaceOrientationLandscapeRight";
				INFOPLIST_KEY_UISupportedInterfaceOrientations_iPhone = "UIInterfaceOrientationPortrait UIInterfaceOrientationLandscapeLeft UIInterfaceOrientationLandscapeRight";
				LD_RUNPATH_SEARCH_PATHS = (
					"$(inherited)",
					"@executable_path/Frameworks",
				);
				MARKETING_VERSION = 1.0;
				PRODUCT_BUNDLE_IDENTIFIER = com.Bongkill.Playlist;
				PRODUCT_NAME = "$(TARGET_NAME)";
				SWIFT_EMIT_LOC_STRINGS = YES;
				SWIFT_VERSION = 5.0;
				TARGETED_DEVICE_FAMILY = "1,2";
			};
			name = Debug;
		};
		4430C9572BF1A22E00DB4F04 /* Release */ = {
			isa = XCBuildConfiguration;
			buildSettings = {
				ASSETCATALOG_COMPILER_APPICON_NAME = AppIcon;
				ASSETCATALOG_COMPILER_GLOBAL_ACCENT_COLOR_NAME = AccentColor;
				CODE_SIGN_STYLE = Automatic;
				CURRENT_PROJECT_VERSION = 1;
				DEVELOPMENT_TEAM = LH2D7MUGD3;
				GENERATE_INFOPLIST_FILE = YES;
				INFOPLIST_FILE = Playlist/Info.plist;
				INFOPLIST_KEY_UIApplicationSupportsIndirectInputEvents = YES;
				INFOPLIST_KEY_UILaunchStoryboardName = LaunchScreen;
				INFOPLIST_KEY_UIMainStoryboardFile = Main;
				INFOPLIST_KEY_UISupportedInterfaceOrientations_iPad = "UIInterfaceOrientationPortrait UIInterfaceOrientationPortraitUpsideDown UIInterfaceOrientationLandscapeLeft UIInterfaceOrientationLandscapeRight";
				INFOPLIST_KEY_UISupportedInterfaceOrientations_iPhone = "UIInterfaceOrientationPortrait UIInterfaceOrientationLandscapeLeft UIInterfaceOrientationLandscapeRight";
				LD_RUNPATH_SEARCH_PATHS = (
					"$(inherited)",
					"@executable_path/Frameworks",
				);
				MARKETING_VERSION = 1.0;
				PRODUCT_BUNDLE_IDENTIFIER = com.Bongkill.Playlist;
				PRODUCT_NAME = "$(TARGET_NAME)";
				SWIFT_EMIT_LOC_STRINGS = YES;
				SWIFT_VERSION = 5.0;
				TARGETED_DEVICE_FAMILY = "1,2";
			};
			name = Release;
		};
		4430C9592BF1A22E00DB4F04 /* Debug */ = {
			isa = XCBuildConfiguration;
			buildSettings = {
				ALWAYS_EMBED_SWIFT_STANDARD_LIBRARIES = YES;
				BUNDLE_LOADER = "$(TEST_HOST)";
				CODE_SIGN_STYLE = Automatic;
				CURRENT_PROJECT_VERSION = 1;
				DEVELOPMENT_TEAM = LH2D7MUGD3;
				GENERATE_INFOPLIST_FILE = YES;
				IPHONEOS_DEPLOYMENT_TARGET = 17.2;
				MARKETING_VERSION = 1.0;
				PRODUCT_BUNDLE_IDENTIFIER = com.Bongkill.PlaylistTests;
				PRODUCT_NAME = "$(TARGET_NAME)";
				SWIFT_EMIT_LOC_STRINGS = NO;
				SWIFT_VERSION = 5.0;
				TARGETED_DEVICE_FAMILY = "1,2";
				TEST_HOST = "$(BUILT_PRODUCTS_DIR)/Playlist.app/$(BUNDLE_EXECUTABLE_FOLDER_PATH)/Playlist";
			};
			name = Debug;
		};
		4430C95A2BF1A22E00DB4F04 /* Release */ = {
			isa = XCBuildConfiguration;
			buildSettings = {
				ALWAYS_EMBED_SWIFT_STANDARD_LIBRARIES = YES;
				BUNDLE_LOADER = "$(TEST_HOST)";
				CODE_SIGN_STYLE = Automatic;
				CURRENT_PROJECT_VERSION = 1;
				DEVELOPMENT_TEAM = LH2D7MUGD3;
				GENERATE_INFOPLIST_FILE = YES;
				IPHONEOS_DEPLOYMENT_TARGET = 17.2;
				MARKETING_VERSION = 1.0;
				PRODUCT_BUNDLE_IDENTIFIER = com.Bongkill.PlaylistTests;
				PRODUCT_NAME = "$(TARGET_NAME)";
				SWIFT_EMIT_LOC_STRINGS = NO;
				SWIFT_VERSION = 5.0;
				TARGETED_DEVICE_FAMILY = "1,2";
				TEST_HOST = "$(BUILT_PRODUCTS_DIR)/Playlist.app/$(BUNDLE_EXECUTABLE_FOLDER_PATH)/Playlist";
			};
			name = Release;
		};
		4430C95C2BF1A22E00DB4F04 /* Debug */ = {
			isa = XCBuildConfiguration;
			buildSettings = {
				ALWAYS_EMBED_SWIFT_STANDARD_LIBRARIES = YES;
				CODE_SIGN_STYLE = Automatic;
				CURRENT_PROJECT_VERSION = 1;
				DEVELOPMENT_TEAM = LH2D7MUGD3;
				GENERATE_INFOPLIST_FILE = YES;
				MARKETING_VERSION = 1.0;
				PRODUCT_BUNDLE_IDENTIFIER = com.Bongkill.PlaylistUITests;
				PRODUCT_NAME = "$(TARGET_NAME)";
				SWIFT_EMIT_LOC_STRINGS = NO;
				SWIFT_VERSION = 5.0;
				TARGETED_DEVICE_FAMILY = "1,2";
				TEST_TARGET_NAME = Playlist;
			};
			name = Debug;
		};
		4430C95D2BF1A22E00DB4F04 /* Release */ = {
			isa = XCBuildConfiguration;
			buildSettings = {
				ALWAYS_EMBED_SWIFT_STANDARD_LIBRARIES = YES;
				CODE_SIGN_STYLE = Automatic;
				CURRENT_PROJECT_VERSION = 1;
				DEVELOPMENT_TEAM = LH2D7MUGD3;
				GENERATE_INFOPLIST_FILE = YES;
				MARKETING_VERSION = 1.0;
				PRODUCT_BUNDLE_IDENTIFIER = com.Bongkill.PlaylistUITests;
				PRODUCT_NAME = "$(TARGET_NAME)";
				SWIFT_EMIT_LOC_STRINGS = NO;
				SWIFT_VERSION = 5.0;
				TARGETED_DEVICE_FAMILY = "1,2";
				TEST_TARGET_NAME = Playlist;
			};
			name = Release;
		};
/* End XCBuildConfiguration section */

/* Begin XCConfigurationList section */
		4430C9262BF1A22C00DB4F04 /* Build configuration list for PBXProject "Playlist" */ = {
			isa = XCConfigurationList;
			buildConfigurations = (
				4430C9532BF1A22E00DB4F04 /* Debug */,
				4430C9542BF1A22E00DB4F04 /* Release */,
			);
			defaultConfigurationIsVisible = 0;
			defaultConfigurationName = Release;
		};
		4430C9552BF1A22E00DB4F04 /* Build configuration list for PBXNativeTarget "Playlist" */ = {
			isa = XCConfigurationList;
			buildConfigurations = (
				4430C9562BF1A22E00DB4F04 /* Debug */,
				4430C9572BF1A22E00DB4F04 /* Release */,
			);
			defaultConfigurationIsVisible = 0;
			defaultConfigurationName = Release;
		};
		4430C9582BF1A22E00DB4F04 /* Build configuration list for PBXNativeTarget "PlaylistTests" */ = {
			isa = XCConfigurationList;
			buildConfigurations = (
				4430C9592BF1A22E00DB4F04 /* Debug */,
				4430C95A2BF1A22E00DB4F04 /* Release */,
			);
			defaultConfigurationIsVisible = 0;
			defaultConfigurationName = Release;
		};
		4430C95B2BF1A22E00DB4F04 /* Build configuration list for PBXNativeTarget "PlaylistUITests" */ = {
			isa = XCConfigurationList;
			buildConfigurations = (
				4430C95C2BF1A22E00DB4F04 /* Debug */,
				4430C95D2BF1A22E00DB4F04 /* Release */,
			);
			defaultConfigurationIsVisible = 0;
			defaultConfigurationName = Release;
		};
/* End XCConfigurationList section */

/* Begin XCRemoteSwiftPackageReference section */
		4408ECD82BF33E8E007D21A4 /* XCRemoteSwiftPackageReference "RxGesture" */ = {
			isa = XCRemoteSwiftPackageReference;
			repositoryURL = "https://github.com/RxSwiftCommunity/RxGesture";
			requirement = {
				kind = upToNextMajorVersion;
				minimumVersion = 4.0.4;
			};
		};
		4430C95E2BF1A5BB00DB4F04 /* XCRemoteSwiftPackageReference "Alamofire" */ = {
			isa = XCRemoteSwiftPackageReference;
			repositoryURL = "https://github.com/Alamofire/Alamofire";
			requirement = {
				kind = upToNextMajorVersion;
				minimumVersion = 5.9.1;
			};
		};
		4430C9612BF1A66F00DB4F04 /* XCRemoteSwiftPackageReference "Kingfisher" */ = {
			isa = XCRemoteSwiftPackageReference;
			repositoryURL = "https://github.com/onevcat/Kingfisher.git";
			requirement = {
				kind = upToNextMajorVersion;
				minimumVersion = 7.11.0;
			};
		};
		4430C9642BF1A74400DB4F04 /* XCRemoteSwiftPackageReference "Moya" */ = {
			isa = XCRemoteSwiftPackageReference;
			repositoryURL = "https://github.com/Moya/Moya";
			requirement = {
				kind = upToNextMajorVersion;
				minimumVersion = 15.0.3;
			};
		};
		4430C9672BF1A93300DB4F04 /* XCRemoteSwiftPackageReference "RxSwift" */ = {
			isa = XCRemoteSwiftPackageReference;
			repositoryURL = "https://github.com/ReactiveX/RxSwift";
			requirement = {
				kind = upToNextMajorVersion;
				minimumVersion = 6.7.1;
			};
		};
		4430C96C2BF1A9AE00DB4F04 /* XCRemoteSwiftPackageReference "SnapKit" */ = {
			isa = XCRemoteSwiftPackageReference;
			repositoryURL = "https://github.com/SnapKit/SnapKit";
			requirement = {
				kind = upToNextMajorVersion;
				minimumVersion = 5.7.1;
			};
		};
		4430C96F2BF1AA1600DB4F04 /* XCRemoteSwiftPackageReference "ReactorKit" */ = {
			isa = XCRemoteSwiftPackageReference;
			repositoryURL = "https://github.com/ReactorKit/ReactorKit";
			requirement = {
				kind = upToNextMajorVersion;
				minimumVersion = 3.2.0;
			};
		};
/* End XCRemoteSwiftPackageReference section */

/* Begin XCSwiftPackageProductDependency section */
		4408ECD92BF33E8E007D21A4 /* RxGesture */ = {
			isa = XCSwiftPackageProductDependency;
			package = 4408ECD82BF33E8E007D21A4 /* XCRemoteSwiftPackageReference "RxGesture" */;
			productName = RxGesture;
		};
		4430C95F2BF1A5BB00DB4F04 /* Alamofire */ = {
			isa = XCSwiftPackageProductDependency;
			package = 4430C95E2BF1A5BB00DB4F04 /* XCRemoteSwiftPackageReference "Alamofire" */;
			productName = Alamofire;
		};
		4430C9622BF1A66F00DB4F04 /* Kingfisher */ = {
			isa = XCSwiftPackageProductDependency;
			package = 4430C9612BF1A66F00DB4F04 /* XCRemoteSwiftPackageReference "Kingfisher" */;
			productName = Kingfisher;
		};
		4430C9652BF1A74500DB4F04 /* Moya */ = {
			isa = XCSwiftPackageProductDependency;
			package = 4430C9642BF1A74400DB4F04 /* XCRemoteSwiftPackageReference "Moya" */;
			productName = Moya;
		};
		4430C9682BF1A93300DB4F04 /* RxCocoa */ = {
			isa = XCSwiftPackageProductDependency;
			package = 4430C9672BF1A93300DB4F04 /* XCRemoteSwiftPackageReference "RxSwift" */;
			productName = RxCocoa;
		};
		4430C96A2BF1A93300DB4F04 /* RxRelay */ = {
			isa = XCSwiftPackageProductDependency;
			package = 4430C9672BF1A93300DB4F04 /* XCRemoteSwiftPackageReference "RxSwift" */;
			productName = RxRelay;
		};
		4430C96D2BF1A9AE00DB4F04 /* SnapKit */ = {
			isa = XCSwiftPackageProductDependency;
			package = 4430C96C2BF1A9AE00DB4F04 /* XCRemoteSwiftPackageReference "SnapKit" */;
			productName = SnapKit;
		};
		4430C9702BF1AA1600DB4F04 /* ReactorKit */ = {
			isa = XCSwiftPackageProductDependency;
			package = 4430C96F2BF1AA1600DB4F04 /* XCRemoteSwiftPackageReference "ReactorKit" */;
			productName = ReactorKit;
		};
/* End XCSwiftPackageProductDependency section */
	};
	rootObject = 4430C9232BF1A22C00DB4F04 /* Project object */;
}
